
Microsoft Visual Studio Solution File, Format Version 12.00
# Visual Studio Version 17
VisualStudioVersion = 17.8.34330.188
MinimumVisualStudioVersion = 10.0.40219.1
Project("{FAE04EC0-301F-11D3-BF4B-00C04F79EFBC}") = "felicias", "felicias\felicias.csproj", "{31398830-76B1-4767-89B7-076E7015AA32}"
EndProject
Global
	GlobalSection(SolutionConfigurationPlatforms) = preSolution
		Debug|Any CPU = Debug|Any CPU
		Release|Any CPU = Release|Any CPU
	EndGlobalSection
	GlobalSection(ProjectConfigurationPlatforms) = postSolution
		{31398830-76B1-4767-89B7-076E7015AA32}.Debug|Any CPU.ActiveCfg = Debug|Any CPU
		{31398830-76B1-4767-89B7-076E7015AA32}.Debug|Any CPU.Build.0 = Debug|Any CPU
		{31398830-76B1-4767-89B7-076E7015AA32}.Release|Any CPU.ActiveCfg = Release|Any CPU
		{31398830-76B1-4767-89B7-076E7015AA32}.Release|Any CPU.Build.0 = Release|Any CPU
	EndGlobalSection
	GlobalSection(SolutionProperties) = preSolution
		HideSolutionNode = FALSE
	EndGlobalSection
	GlobalSection(ExtensibilityGlobals) = postSolution
		SolutionGuid = {5B6A3A94-B696-424B-8804-21B765AEC69E}
	EndGlobalSection
EndGlobal
